
Microsoft Visual Studio Solution File, Format Version 12.00
# Visual Studio 15
VisualStudioVersion = 15.0.28307.1321
MinimumVisualStudioVersion = 10.0.40219.1
Project("{FAE04EC0-301F-11D3-BF4B-00C04F79EFBC}") = "WinFormFTPUploadFiles", "WinFormFTPUploadFiles\WinFormFTPUploadFiles.csproj", "{D75DF8FE-D765-46F9-AE38-673EB5BFFBB4}"
EndProject
Global
	GlobalSection(SolutionConfigurationPlatforms) = preSolution
		Debug|Any CPU = Debug|Any CPU
		Release|Any CPU = Release|Any CPU
	EndGlobalSection
	GlobalSection(ProjectConfigurationPlatforms) = postSolution
		{D75DF8FE-D765-46F9-AE38-673EB5BFFBB4}.Debug|Any CPU.ActiveCfg = Debug|Any CPU
		{D75DF8FE-D765-46F9-AE38-673EB5BFFBB4}.Debug|Any CPU.Build.0 = Debug|Any CPU
		{D75DF8FE-D765-46F9-AE38-673EB5BFFBB4}.Release|Any CPU.ActiveCfg = Release|Any CPU
		{D75DF8FE-D765-46F9-AE38-673EB5BFFBB4}.Release|Any CPU.Build.0 = Release|Any CPU
	EndGlobalSection
	GlobalSection(SolutionProperties) = preSolution
		HideSolutionNode = FALSE
	EndGlobalSection
	GlobalSection(ExtensibilityGlobals) = postSolution
		SolutionGuid = {0AFE119F-A619-4E49-A5AD-0B7B30FD2BDA}
	EndGlobalSection
EndGlobal
